
Microsoft Visual Studio Solution File, Format Version 12.00
# Visual Studio 15
VisualStudioVersion = 15.0.27130.2027
MinimumVisualStudioVersion = 10.0.40219.1
Project("{FAE04EC0-301F-11D3-BF4B-00C04F79EFBC}") = "SocialMediaSite", "SocialMediaSite\SocialMediaSite.csproj", "{B66C07B8-610A-432E-A35B-4515711B558D}"
EndProject
Global
	GlobalSection(SolutionConfigurationPlatforms) = preSolution
		Debug|Any CPU = Debug|Any CPU
		Release|Any CPU = Release|Any CPU
	EndGlobalSection
	GlobalSection(ProjectConfigurationPlatforms) = postSolution
		{B66C07B8-610A-432E-A35B-4515711B558D}.Debug|Any CPU.ActiveCfg = Debug|Any CPU
		{B66C07B8-610A-432E-A35B-4515711B558D}.Debug|Any CPU.Build.0 = Debug|Any CPU
		{B66C07B8-610A-432E-A35B-4515711B558D}.Release|Any CPU.ActiveCfg = Release|Any CPU
		{B66C07B8-610A-432E-A35B-4515711B558D}.Release|Any CPU.Build.0 = Release|Any CPU
	EndGlobalSection
	GlobalSection(SolutionProperties) = preSolution
		HideSolutionNode = FALSE
	EndGlobalSection
	GlobalSection(ExtensibilityGlobals) = postSolution
		SolutionGuid = {DD9980C0-EBDC-4AF3-944A-A0C4ACFFC785}
	EndGlobalSection
EndGlobal
